// !$*UTF8*$!
{
	archiveVersion = 1;
	classes = {
	};
	objectVersion = 46;
	objects = {

/* Begin PBXContainerItemProxy section */
		368C8A8B1B0D87060061A6A8 /* PBXContainerItemProxy */ = {
			isa = PBXContainerItemProxy;
			containerPortal = 368C8A6B1B0D87050061A6A8 /* Project object */;
			proxyType = 1;
			remoteGlobalIDString = 368C8A721B0D87050061A6A8;
			remoteInfo = Sanctuary;
		};
/* End PBXContainerItemProxy section */

/* Begin PBXFileReference section */
		368C8A731B0D87050061A6A8 /* Sanctuary.app */ = {isa = PBXFileReference; explicitFileType = wrapper.application; includeInIndex = 0; name = Sanctuary.app; path = "/Users/urielbertoche/Projects/Sanctuary/build/Debug-iphoneos/Sanctuary.app"; sourceTree = "<absolute>"; };
		368C8A8A1B0D87060061A6A8 /* SanctuaryTests.xctest */ = {isa = PBXFileReference; explicitFileType = wrapper.cfbundle; includeInIndex = 0; name = SanctuaryTests.xctest; path = "/Users/urielbertoche/Projects/Sanctuary/build/Debug-iphoneos/SanctuaryTests.xctest"; sourceTree = "<absolute>"; };
/* End PBXFileReference section */

/* Begin PBXFrameworksBuildPhase section */
		368C8A701B0D87050061A6A8 /* Frameworks */ = {
			isa = PBXFrameworksBuildPhase;
			buildActionMask = 2147483647;
			files = (
			);
			runOnlyForDeploymentPostprocessing = 0;
		};
		368C8A871B0D87060061A6A8 /* Frameworks */ = {
			isa = PBXFrameworksBuildPhase;
			buildActionMask = 2147483647;
			files = (
			);
			runOnlyForDeploymentPostprocessing = 0;
		};
/* End PBXFrameworksBuildPhase section */

/* Begin PBXGroup section */
		368C8A6A1B0D87050061A6A8 = {
			isa = PBXGroup;
			children = (
			);
			sourceTree = "<group>";
		};
/* End PBXGroup section */

/* Begin PBXNativeTarget section */
		368C8A721B0D87050061A6A8 /* Sanctuary */ = {
			isa = PBXNativeTarget;
			buildConfigurationList = 368C8A941B0D87060061A6A8 /* Build configuration list for PBXNativeTarget "Sanctuary" */;
			buildPhases = (
				368C8A6F1B0D87050061A6A8 /* Sources */,
				368C8A701B0D87050061A6A8 /* Frameworks */,
				368C8A711B0D87050061A6A8 /* Resources */,
			);
			buildRules = (
			);
			dependencies = (
			);
			name = Sanctuary;
			productName = Sanctuary;
			productReference = 368C8A731B0D87050061A6A8 /* Sanctuary.app */;
			productType = "com.apple.product-type.application";
		};
		368C8A891B0D87060061A6A8 /* SanctuaryTests */ = {
			isa = PBXNativeTarget;
			buildConfigurationList = 368C8A971B0D87060061A6A8 /* Build configuration list for PBXNativeTarget "SanctuaryTests" */;
			buildPhases = (
				368C8A861B0D87060061A6A8 /* Sources */,
				368C8A871B0D87060061A6A8 /* Frameworks */,
				368C8A881B0D87060061A6A8 /* Resources */,
			);
			buildRules = (
			);
			dependencies = (
				368C8A8C1B0D87060061A6A8 /* PBXTargetDependency */,
			);
			name = SanctuaryTests;
			productName = SanctuaryTests;
			productReference = 368C8A8A1B0D87060061A6A8 /* SanctuaryTests.xctest */;
			productType = "com.apple.product-type.bundle.unit-test";
		};
/* End PBXNativeTarget section */

/* Begin PBXProject section */
		368C8A6B1B0D87050061A6A8 /* Project object */ = {
			isa = PBXProject;
			attributes = {
				LastUpgradeCheck = 0630;
				ORGANIZATIONNAME = bertoche;
				TargetAttributes = {
					368C8A721B0D87050061A6A8 = {
						CreatedOnToolsVersion = 6.3.2;
					};
					368C8A891B0D87060061A6A8 = {
						CreatedOnToolsVersion = 6.3.2;
						TestTargetID = 368C8A721B0D87050061A6A8;
					};
				};
			};
			buildConfigurationList = 368C8A6E1B0D87050061A6A8 /* Build configuration list for PBXProject "Sanctuary" */;
			compatibilityVersion = "Xcode 3.2";
			developmentRegion = English;
			hasScannedForEncodings = 0;
			knownRegions = (
				en,
				Base,
			);
			mainGroup = 368C8A6A1B0D87050061A6A8;
			productRefGroup = 368C8A6A1B0D87050061A6A8;
			projectDirPath = "";
			projectRoot = "";
			targets = (
				368C8A721B0D87050061A6A8 /* Sanctuary */,
				368C8A891B0D87060061A6A8 /* SanctuaryTests */,
			);
		};
/* End PBXProject section */

/* Begin PBXResourcesBuildPhase section */
		368C8A711B0D87050061A6A8 /* Resources */ = {
			isa = PBXResourcesBuildPhase;
			buildActionMask = 2147483647;
			files = (
			);
			runOnlyForDeploymentPostprocessing = 0;
		};
		368C8A881B0D87060061A6A8 /* Resources */ = {
			isa = PBXResourcesBuildPhase;
			buildActionMask = 2147483647;
			files = (
			);
			runOnlyForDeploymentPostprocessing = 0;
		};
/* End PBXResourcesBuildPhase section */

/* Begin PBXSourcesBuildPhase section */
		368C8A6F1B0D87050061A6A8 /* Sources */ = {
			isa = PBXSourcesBuildPhase;
			buildActionMask = 2147483647;
			files = (
			);
			runOnlyForDeploymentPostprocessing = 0;
		};
		368C8A861B0D87060061A6A8 /* Sources */ = {
			isa = PBXSourcesBuildPhase;
			buildActionMask = 2147483647;
			files = (
			);
			runOnlyForDeploymentPostprocessing = 0;
		};
/* End PBXSourcesBuildPhase section */

/* Begin PBXTargetDependency section */
		368C8A8C1B0D87060061A6A8 /* PBXTargetDependency */ = {
			isa = PBXTargetDependency;
			target = 368C8A721B0D87050061A6A8 /* Sanctuary */;
			targetProxy = 368C8A8B1B0D87060061A6A8 /* PBXContainerItemProxy */;
		};
/* End PBXTargetDependency section */

/* Begin XCBuildConfiguration section */
		368C8A921B0D87060061A6A8 /* Debug */ = {
			isa = XCBuildConfiguration;
			buildSettings = {
				ALWAYS_SEARCH_USER_PATHS = NO;
				CLANG_CXX_LANGUAGE_STANDARD = "gnu++0x";
				CLANG_CXX_LIBRARY = "libc++";
				CLANG_ENABLE_MODULES = YES;
				CLANG_ENABLE_OBJC_ARC = YES;
				CLANG_WARN_BOOL_CONVERSION = YES;
				CLANG_WARN_CONSTANT_CONVERSION = YES;
				CLANG_WARN_DIRECT_OBJC_ISA_USAGE = YES_ERROR;
				CLANG_WARN_EMPTY_BODY = YES;
				CLANG_WARN_ENUM_CONVERSION = YES;
				CLANG_WARN_INT_CONVERSION = YES;
				CLANG_WARN_OBJC_ROOT_CLASS = YES_ERROR;
				CLANG_WARN_UNREACHABLE_CODE = YES;
				CLANG_WARN__DUPLICATE_METHOD_MATCH = YES;
				"CODE_SIGN_IDENTITY[sdk=iphoneos*]" = "iPhone Developer";
				COPY_PHASE_STRIP = NO;
				DEBUG_INFORMATION_FORMAT = "dwarf-with-dsym";
				ENABLE_STRICT_OBJC_MSGSEND = YES;
				GCC_C_LANGUAGE_STANDARD = gnu99;
				GCC_DYNAMIC_NO_PIC = NO;
				GCC_NO_COMMON_BLOCKS = YES;
				GCC_OPTIMIZATION_LEVEL = 0;
				GCC_PREPROCESSOR_DEFINITIONS = (
					"DEBUG=1",
					"$(inherited)",
				);
				GCC_SYMBOLS_PRIVATE_EXTERN = NO;
				GCC_WARN_64_TO_32_BIT_CONVERSION = YES;
				GCC_WARN_ABOUT_RETURN_TYPE = YES_ERROR;
				GCC_WARN_UNDECLARED_SELECTOR = YES;
				GCC_WARN_UNINITIALIZED_AUTOS = YES_AGGRESSIVE;
				GCC_WARN_UNUSED_FUNCTION = YES;
				GCC_WARN_UNUSED_VARIABLE = YES;
				IPHONEOS_DEPLOYMENT_TARGET = 8.3;
				MTL_ENABLE_DEBUG_INFO = YES;
				ONLY_ACTIVE_ARCH = YES;
				SDKROOT = iphoneos;
				SWIFT_OPTIMIZATION_LEVEL = "-Onone";
				TARGETED_DEVICE_FAMILY = "1,2";
			};
			name = Debug;
		};
		368C8A931B0D87060061A6A8 /* Release */ = {
			isa = XCBuildConfiguration;
			buildSettings = {
				ALWAYS_SEARCH_USER_PATHS = NO;
				CLANG_CXX_LANGUAGE_STANDARD = "gnu++0x";
				CLANG_CXX_LIBRARY = "libc++";
				CLANG_ENABLE_MODULES = YES;
				CLANG_ENABLE_OBJC_ARC = YES;
				CLANG_WARN_BOOL_CONVERSION = YES;
				CLANG_WARN_CONSTANT_CONVERSION = YES;
				CLANG_WARN_DIRECT_OBJC_ISA_USAGE = YES_ERROR;
				CLANG_WARN_EMPTY_BODY = YES;
				CLANG_WARN_ENUM_CONVERSION = YES;
				CLANG_WARN_INT_CONVERSION = YES;
				CLANG_WARN_OBJC_ROOT_CLASS = YES_ERROR;
				CLANG_WARN_UNREACHABLE_CODE = YES;
				CLANG_WARN__DUPLICATE_METHOD_MATCH = YES;
				"CODE_SIGN_IDENTITY[sdk=iphoneos*]" = "iPhone Developer";
				COPY_PHASE_STRIP = NO;
				DEBUG_INFORMATION_FORMAT = "dwarf-with-dsym";
				ENABLE_NS_ASSERTIONS = NO;
				ENABLE_STRICT_OBJC_MSGSEND = YES;
				GCC_C_LANGUAGE_STANDARD = gnu99;
				GCC_NO_COMMON_BLOCKS = YES;
				GCC_WARN_64_TO_32_BIT_CONVERSION = YES;
				GCC_WARN_ABOUT_RETURN_TYPE = YES_ERROR;
				GCC_WARN_UNDECLARED_SELECTOR = YES;
				GCC_WARN_UNINITIALIZED_AUTOS = YES_AGGRESSIVE;
				GCC_WARN_UNUSED_FUNCTION = YES;
				GCC_WARN_UNUSED_VARIABLE = YES;
				IPHONEOS_DEPLOYMENT_TARGET = 8.3;
				MTL_ENABLE_DEBUG_INFO = NO;
				SDKROOT = iphoneos;
				TARGETED_DEVICE_FAMILY = "1,2";
				VALIDATE_PRODUCT = YES;
			};
			name = Release;
		};
		368C8A951B0D87060061A6A8 /* Debug */ = {
			isa = XCBuildConfiguration;
			buildSettings = {
				ASSETCATALOG_COMPILER_APPICON_NAME = AppIcon;
				INFOPLIST_FILE = Sanctuary/Info.plist;
				LD_RUNPATH_SEARCH_PATHS = "$(inherited) @executable_path/Frameworks";
				PRODUCT_NAME = "$(TARGET_NAME)";
			};
			name = Debug;
		};
		368C8A961B0D87060061A6A8 /* Release */ = {
			isa = XCBuildConfiguration;
			buildSettings = {
				ASSETCATALOG_COMPILER_APPICON_NAME = AppIcon;
				INFOPLIST_FILE = Sanctuary/Info.plist;
				LD_RUNPATH_SEARCH_PATHS = "$(inherited) @executable_path/Frameworks";
				PRODUCT_NAME = "$(TARGET_NAME)";
			};
			name = Release;
		};
		368C8A981B0D87060061A6A8 /* Debug */ = {
			isa = XCBuildConfiguration;
			buildSettings = {
				BUNDLE_LOADER = "$(TEST_HOST)";
				FRAMEWORK_SEARCH_PATHS = (
					"$(SDKROOT)/Developer/Library/Frameworks",
					"$(inherited)",
				);
				GCC_PREPROCESSOR_DEFINITIONS = (
					"DEBUG=1",
					"$(inherited)",
				);
				INFOPLIST_FILE = SanctuaryTests/Info.plist;
				LD_RUNPATH_SEARCH_PATHS = "$(inherited) @executable_path/Frameworks @loader_path/Frameworks";
				PRODUCT_NAME = "$(TARGET_NAME)";
				TEST_HOST = "$(BUILT_PRODUCTS_DIR)/Sanctuary.app/Sanctuary";
			};
			name = Debug;
		};
		368C8A991B0D87060061A6A8 /* Release */ = {
			isa = XCBuildConfiguration;
			buildSettings = {
				BUNDLE_LOADER = "$(TEST_HOST)";
				FRAMEWORK_SEARCH_PATHS = (
					"$(SDKROOT)/Developer/Library/Frameworks",
					"$(inherited)",
				);
				INFOPLIST_FILE = SanctuaryTests/Info.plist;
				LD_RUNPATH_SEARCH_PATHS = "$(inherited) @executable_path/Frameworks @loader_path/Frameworks";
				PRODUCT_NAME = "$(TARGET_NAME)";
				TEST_HOST = "$(BUILT_PRODUCTS_DIR)/Sanctuary.app/Sanctuary";
			};
			name = Release;
		};
/* End XCBuildConfiguration section */

/* Begin XCConfigurationList section */
		368C8A6E1B0D87050061A6A8 /* Build configuration list for PBXProject "Sanctuary" */ = {
			isa = XCConfigurationList;
			buildConfigurations = (
				368C8A921B0D87060061A6A8 /* Debug */,
				368C8A931B0D87060061A6A8 /* Release */,
			);
			defaultConfigurationIsVisible = 0;
			defaultConfigurationName = Release;
		};
		368C8A941B0D87060061A6A8 /* Build configuration list for PBXNativeTarget "Sanctuary" */ = {
			isa = XCConfigurationList;
			buildConfigurations = (
				368C8A951B0D87060061A6A8 /* Debug */,
				368C8A961B0D87060061A6A8 /* Release */,
			);
			defaultConfigurationIsVisible = 0;
			defaultConfigurationName = Release;
		};
		368C8A971B0D87060061A6A8 /* Build configuration list for PBXNativeTarget "SanctuaryTests" */ = {
			isa = XCConfigurationList;
			buildConfigurations = (
				368C8A981B0D87060061A6A8 /* Debug */,
				368C8A991B0D87060061A6A8 /* Release */,
			);
			defaultConfigurationIsVisible = 0;
			defaultConfigurationName = Release;
		};
/* End XCConfigurationList section */
	};
	rootObject = 368C8A6B1B0D87050061A6A8 /* Project object */;
}
