// !$*UTF8*$!
{
	archiveVersion = 1;
	classes = {
	};
	objectVersion = 46;
	objects = {

/* Begin PBXBuildFile section */
		3608767C1B124CBD001529F9 /* Game.swift in Sources */ = {isa = PBXBuildFile; fileRef = 3608767B1B124CBD001529F9 /* Game.swift */; };
		361E803E1B31FDF20071AB50 /* GGButton.swift in Sources */ = {isa = PBXBuildFile; fileRef = 361E803D1B31FDF10071AB50 /* GGButton.swift */; };
		362AC0C01B14E0FC002B9690 /* player_movement.1.png in Resources */ = {isa = PBXBuildFile; fileRef = 362AC0BD1B14E0FC002B9690 /* player_movement.1.png */; };
		362AC0C11B14E0FC002B9690 /* player_movement.plist in Resources */ = {isa = PBXBuildFile; fileRef = 362AC0BE1B14E0FC002B9690 /* player_movement.plist */; };
		362AC0C21B14E0FC002B9690 /* player_movement.swift in Sources */ = {isa = PBXBuildFile; fileRef = 362AC0BF1B14E0FC002B9690 /* player_movement.swift */; };
		3643125A1B1F7AFB0072105C /* Pathfinding.swift in Sources */ = {isa = PBXBuildFile; fileRef = 364312591B1F7AFB0072105C /* Pathfinding.swift */; };
		364312611B1F87F00072105C /* build_atlas.png in Resources */ = {isa = PBXBuildFile; fileRef = 3643125C1B1F87F00072105C /* build_atlas.png */; };
		364312621B1F87F00072105C /* meta_tiles.png in Resources */ = {isa = PBXBuildFile; fileRef = 3643125D1B1F87F00072105C /* meta_tiles.png */; };
		364312631B1F87F00072105C /* obj_misk_atlas.png in Resources */ = {isa = PBXBuildFile; fileRef = 3643125E1B1F87F00072105C /* obj_misk_atlas.png */; };
		364312641B1F87F00072105C /* terrain_atlas.png in Resources */ = {isa = PBXBuildFile; fileRef = 3643125F1B1F87F00072105C /* terrain_atlas.png */; };
		3649EFD71B1291F4003620C2 /* libz.dylib in Frameworks */ = {isa = PBXBuildFile; fileRef = 3649EFD61B1291F4003620C2 /* libz.dylib */; };
		365100F11B16250B00A165E3 /* Player.swift in Sources */ = {isa = PBXBuildFile; fileRef = 365100F01B16250B00A165E3 /* Player.swift */; };
		365100F61B1625F300A165E3 /* Monsters.swift in Sources */ = {isa = PBXBuildFile; fileRef = 365100F51B1625F300A165E3 /* Monsters.swift */; };
		3655CF621B0F6563000BA0F1 /* AppDelegate.swift in Sources */ = {isa = PBXBuildFile; fileRef = 3655CF611B0F6563000BA0F1 /* AppDelegate.swift */; };
		3655CF641B0F6563000BA0F1 /* GameScene.sks in Resources */ = {isa = PBXBuildFile; fileRef = 3655CF631B0F6563000BA0F1 /* GameScene.sks */; };
		3655CF661B0F6563000BA0F1 /* GameScene.swift in Sources */ = {isa = PBXBuildFile; fileRef = 3655CF651B0F6563000BA0F1 /* GameScene.swift */; };
		3655CF681B0F6563000BA0F1 /* GameViewController.swift in Sources */ = {isa = PBXBuildFile; fileRef = 3655CF671B0F6563000BA0F1 /* GameViewController.swift */; };
		3655CF6B1B0F6563000BA0F1 /* Main.storyboard in Resources */ = {isa = PBXBuildFile; fileRef = 3655CF691B0F6563000BA0F1 /* Main.storyboard */; };
		3655CF6D1B0F6563000BA0F1 /* Images.xcassets in Resources */ = {isa = PBXBuildFile; fileRef = 3655CF6C1B0F6563000BA0F1 /* Images.xcassets */; };
		3655CF701B0F6563000BA0F1 /* LaunchScreen.xib in Resources */ = {isa = PBXBuildFile; fileRef = 3655CF6E1B0F6563000BA0F1 /* LaunchScreen.xib */; };
		3655CF7C1B0F6563000BA0F1 /* SanctuaryTests.swift in Sources */ = {isa = PBXBuildFile; fileRef = 3655CF7B1B0F6563000BA0F1 /* SanctuaryTests.swift */; };
		36871EA31B16700E000DCC18 /* JSTileMap.m in Sources */ = {isa = PBXBuildFile; fileRef = 36871EA01B16700E000DCC18 /* JSTileMap.m */; };
		36871EA41B16700E000DCC18 /* LFCGzipUtility.m in Sources */ = {isa = PBXBuildFile; fileRef = 36871EA21B16700E000DCC18 /* LFCGzipUtility.m */; };
		36871EB31B1670EA000DCC18 /* town.tmx in Resources */ = {isa = PBXBuildFile; fileRef = 36871EB21B1670EA000DCC18 /* town.tmx */; };
		36CF08E71B20E1A300E0BA09 /* MapScene.swift in Sources */ = {isa = PBXBuildFile; fileRef = 36CF08E61B20E1A300E0BA09 /* MapScene.swift */; };
		36D08EF01B28CA0000EAB550 /* Zone.swift in Sources */ = {isa = PBXBuildFile; fileRef = 36D08EEF1B28CA0000EAB550 /* Zone.swift */; };
		36D08EF41B2A22FB00EAB550 /* Attacks.swift in Sources */ = {isa = PBXBuildFile; fileRef = 36D08EF31B2A22FB00EAB550 /* Attacks.swift */; };
		36D257561B318C0C0086F4E1 /* 002-Battle02.mp3 in Resources */ = {isa = PBXBuildFile; fileRef = 36D256711B318C0C0086F4E1 /* 002-Battle02.mp3 */; };
		36D257571B318C0C0086F4E1 /* Battle 2.mp3 in Resources */ = {isa = PBXBuildFile; fileRef = 36D256721B318C0C0086F4E1 /* Battle 2.mp3 */; };
		36D257581B318C0C0086F4E1 /* boss battle 1.mp3 in Resources */ = {isa = PBXBuildFile; fileRef = 36D256731B318C0C0086F4E1 /* boss battle 1.mp3 */; };
		36D257591B318C0C0086F4E1 /* Forest.mp3 in Resources */ = {isa = PBXBuildFile; fileRef = 36D256741B318C0C0086F4E1 /* Forest.mp3 */; };
		36D2575A1B318C0C0086F4E1 /* main theme 5.mp3 in Resources */ = {isa = PBXBuildFile; fileRef = 36D256751B318C0C0086F4E1 /* main theme 5.mp3 */; };
		36D2575B1B318C0C0086F4E1 /* Opening 4.mp3 in Resources */ = {isa = PBXBuildFile; fileRef = 36D256761B318C0C0086F4E1 /* Opening 4.mp3 */; };
		36D2575C1B318C0C0086F4E1 /* Bell.wav in Resources */ = {isa = PBXBuildFile; fileRef = 36D256781B318C0C0086F4E1 /* Bell.wav */; };
		36D2575D1B318C0C0086F4E1 /* Bite.wav in Resources */ = {isa = PBXBuildFile; fileRef = 36D256791B318C0C0086F4E1 /* Bite.wav */; };
		36D2575E1B318C0C0086F4E1 /* Decision2.wav in Resources */ = {isa = PBXBuildFile; fileRef = 36D2567A1B318C0C0086F4E1 /* Decision2.wav */; };
		36D2575F1B318C0C0086F4E1 /* Escape.wav in Resources */ = {isa = PBXBuildFile; fileRef = 36D2567B1B318C0C0086F4E1 /* Escape.wav */; };
		36D257601B318C0C0086F4E1 /* Evade1.wav in Resources */ = {isa = PBXBuildFile; fileRef = 36D2567C1B318C0C0086F4E1 /* Evade1.wav */; };
		36D257611B318C0C0086F4E1 /* Evade2.wav in Resources */ = {isa = PBXBuildFile; fileRef = 36D2567D1B318C0C0086F4E1 /* Evade2.wav */; };
		36D257621B318C0C0086F4E1 /* Slash8.wav in Resources */ = {isa = PBXBuildFile; fileRef = 36D2567E1B318C0C0086F4E1 /* Slash8.wav */; };
		36D257631B318C0C0086F4E1 /* Sword3.wav in Resources */ = {isa = PBXBuildFile; fileRef = 36D2567F1B318C0C0086F4E1 /* Sword3.wav */; };
		36D257641B318C0C0086F4E1 /* Wind7.wav in Resources */ = {isa = PBXBuildFile; fileRef = 36D256801B318C0C0086F4E1 /* Wind7.wav */; };
		36D62BE31B126706006060A4 /* GameOver.swift in Sources */ = {isa = PBXBuildFile; fileRef = 36D62BE21B126705006060A4 /* GameOver.swift */; };
		36D62BE51B126AC3006060A4 /* Extensions.swift in Sources */ = {isa = PBXBuildFile; fileRef = 36D62BE41B126AC3006060A4 /* Extensions.swift */; };
		36FE3A581B26A09000AF6F0B /* CombatScene.swift in Sources */ = {isa = PBXBuildFile; fileRef = 36FE3A571B26A09000AF6F0B /* CombatScene.swift */; };
/* End PBXBuildFile section */

/* Begin PBXContainerItemProxy section */
		3655CF761B0F6563000BA0F1 /* PBXContainerItemProxy */ = {
			isa = PBXContainerItemProxy;
			containerPortal = 3655CF541B0F6563000BA0F1 /* Project object */;
			proxyType = 1;
			remoteGlobalIDString = 3655CF5B1B0F6563000BA0F1;
			remoteInfo = Sanctuary;
		};
/* End PBXContainerItemProxy section */

/* Begin PBXFileReference section */
		3608767B1B124CBD001529F9 /* Game.swift */ = {isa = PBXFileReference; fileEncoding = 4; lastKnownFileType = sourcecode.swift; path = Game.swift; sourceTree = "<group>"; };
		361E803D1B31FDF10071AB50 /* GGButton.swift */ = {isa = PBXFileReference; fileEncoding = 4; lastKnownFileType = sourcecode.swift; path = GGButton.swift; sourceTree = "<group>"; };
		362AC0BD1B14E0FC002B9690 /* player_movement.1.png */ = {isa = PBXFileReference; lastKnownFileType = image.png; path = player_movement.1.png; sourceTree = "<group>"; };
		362AC0BE1B14E0FC002B9690 /* player_movement.plist */ = {isa = PBXFileReference; fileEncoding = 4; lastKnownFileType = text.plist.xml; path = player_movement.plist; sourceTree = "<group>"; };
		362AC0BF1B14E0FC002B9690 /* player_movement.swift */ = {isa = PBXFileReference; fileEncoding = 4; lastKnownFileType = sourcecode.swift; path = player_movement.swift; sourceTree = "<group>"; };
		364312591B1F7AFB0072105C /* Pathfinding.swift */ = {isa = PBXFileReference; fileEncoding = 4; lastKnownFileType = sourcecode.swift; path = Pathfinding.swift; sourceTree = "<group>"; };
		3643125C1B1F87F00072105C /* build_atlas.png */ = {isa = PBXFileReference; lastKnownFileType = image.png; name = build_atlas.png; path = Maps/build_atlas.png; sourceTree = "<group>"; };
		3643125D1B1F87F00072105C /* meta_tiles.png */ = {isa = PBXFileReference; lastKnownFileType = image.png; name = meta_tiles.png; path = Maps/meta_tiles.png; sourceTree = "<group>"; };
		3643125E1B1F87F00072105C /* obj_misk_atlas.png */ = {isa = PBXFileReference; lastKnownFileType = image.png; name = obj_misk_atlas.png; path = Maps/obj_misk_atlas.png; sourceTree = "<group>"; };
		3643125F1B1F87F00072105C /* terrain_atlas.png */ = {isa = PBXFileReference; lastKnownFileType = image.png; name = terrain_atlas.png; path = Maps/terrain_atlas.png; sourceTree = "<group>"; };
		3649EFD61B1291F4003620C2 /* libz.dylib */ = {isa = PBXFileReference; lastKnownFileType = "compiled.mach-o.dylib"; name = libz.dylib; path = usr/lib/libz.dylib; sourceTree = SDKROOT; };
		3649EFDD1B129784003620C2 /* Sanctuary-Bridging-Header.h */ = {isa = PBXFileReference; lastKnownFileType = sourcecode.c.h; path = "Sanctuary-Bridging-Header.h"; sourceTree = "<group>"; };
		365100F01B16250B00A165E3 /* Player.swift */ = {isa = PBXFileReference; fileEncoding = 4; lastKnownFileType = sourcecode.swift; path = Player.swift; sourceTree = "<group>"; };
		365100F51B1625F300A165E3 /* Monsters.swift */ = {isa = PBXFileReference; fileEncoding = 4; lastKnownFileType = sourcecode.swift; path = Monsters.swift; sourceTree = "<group>"; };
		3655CF5C1B0F6563000BA0F1 /* Sanctuary.app */ = {isa = PBXFileReference; explicitFileType = wrapper.application; includeInIndex = 0; path = Sanctuary.app; sourceTree = BUILT_PRODUCTS_DIR; };
		3655CF601B0F6563000BA0F1 /* Info.plist */ = {isa = PBXFileReference; lastKnownFileType = text.plist.xml; path = Info.plist; sourceTree = "<group>"; };
		3655CF611B0F6563000BA0F1 /* AppDelegate.swift */ = {isa = PBXFileReference; lastKnownFileType = sourcecode.swift; path = AppDelegate.swift; sourceTree = "<group>"; };
		3655CF631B0F6563000BA0F1 /* GameScene.sks */ = {isa = PBXFileReference; lastKnownFileType = file.sks; path = GameScene.sks; sourceTree = "<group>"; };
		3655CF651B0F6563000BA0F1 /* GameScene.swift */ = {isa = PBXFileReference; lastKnownFileType = sourcecode.swift; path = GameScene.swift; sourceTree = "<group>"; };
		3655CF671B0F6563000BA0F1 /* GameViewController.swift */ = {isa = PBXFileReference; lastKnownFileType = sourcecode.swift; path = GameViewController.swift; sourceTree = "<group>"; };
		3655CF6A1B0F6563000BA0F1 /* Base */ = {isa = PBXFileReference; lastKnownFileType = file.storyboard; name = Base; path = Base.lproj/Main.storyboard; sourceTree = "<group>"; };
		3655CF6C1B0F6563000BA0F1 /* Images.xcassets */ = {isa = PBXFileReference; lastKnownFileType = folder.assetcatalog; path = Images.xcassets; sourceTree = "<group>"; };
		3655CF6F1B0F6563000BA0F1 /* Base */ = {isa = PBXFileReference; lastKnownFileType = file.xib; name = Base; path = Base.lproj/LaunchScreen.xib; sourceTree = "<group>"; };
		3655CF751B0F6563000BA0F1 /* SanctuaryTests.xctest */ = {isa = PBXFileReference; explicitFileType = wrapper.cfbundle; includeInIndex = 0; path = SanctuaryTests.xctest; sourceTree = BUILT_PRODUCTS_DIR; };
		3655CF7A1B0F6563000BA0F1 /* Info.plist */ = {isa = PBXFileReference; lastKnownFileType = text.plist.xml; path = Info.plist; sourceTree = "<group>"; };
		3655CF7B1B0F6563000BA0F1 /* SanctuaryTests.swift */ = {isa = PBXFileReference; lastKnownFileType = sourcecode.swift; path = SanctuaryTests.swift; sourceTree = "<group>"; };
		36871E9F1B16700E000DCC18 /* JSTileMap.h */ = {isa = PBXFileReference; fileEncoding = 4; lastKnownFileType = sourcecode.c.h; name = JSTileMap.h; path = APIs/JSTileMap.h; sourceTree = "<group>"; };
		36871EA01B16700E000DCC18 /* JSTileMap.m */ = {isa = PBXFileReference; fileEncoding = 4; lastKnownFileType = sourcecode.c.objc; name = JSTileMap.m; path = APIs/JSTileMap.m; sourceTree = "<group>"; };
		36871EA11B16700E000DCC18 /* LFCGzipUtility.h */ = {isa = PBXFileReference; fileEncoding = 4; lastKnownFileType = sourcecode.c.h; name = LFCGzipUtility.h; path = APIs/LFCGzipUtility.h; sourceTree = "<group>"; };
		36871EA21B16700E000DCC18 /* LFCGzipUtility.m */ = {isa = PBXFileReference; fileEncoding = 4; lastKnownFileType = sourcecode.c.objc; name = LFCGzipUtility.m; path = APIs/LFCGzipUtility.m; sourceTree = "<group>"; };
		36871EB21B1670EA000DCC18 /* town.tmx */ = {isa = PBXFileReference; fileEncoding = 4; lastKnownFileType = text.xml; name = town.tmx; path = Maps/town.tmx; sourceTree = "<group>"; };
		36CF08E61B20E1A300E0BA09 /* MapScene.swift */ = {isa = PBXFileReference; fileEncoding = 4; lastKnownFileType = sourcecode.swift; path = MapScene.swift; sourceTree = "<group>"; };
		36D08EEF1B28CA0000EAB550 /* Zone.swift */ = {isa = PBXFileReference; fileEncoding = 4; lastKnownFileType = sourcecode.swift; path = Zone.swift; sourceTree = "<group>"; };
		36D08EF31B2A22FB00EAB550 /* Attacks.swift */ = {isa = PBXFileReference; fileEncoding = 4; lastKnownFileType = sourcecode.swift; path = Attacks.swift; sourceTree = "<group>"; };
		36D256711B318C0C0086F4E1 /* 002-Battle02.mp3 */ = {isa = PBXFileReference; lastKnownFileType = audio.mp3; path = "002-Battle02.mp3"; sourceTree = "<group>"; };
		36D256721B318C0C0086F4E1 /* Battle 2.mp3 */ = {isa = PBXFileReference; lastKnownFileType = audio.mp3; path = "Battle 2.mp3"; sourceTree = "<group>"; };
		36D256731B318C0C0086F4E1 /* boss battle 1.mp3 */ = {isa = PBXFileReference; lastKnownFileType = audio.mp3; path = "boss battle 1.mp3"; sourceTree = "<group>"; };
		36D256741B318C0C0086F4E1 /* Forest.mp3 */ = {isa = PBXFileReference; lastKnownFileType = audio.mp3; path = Forest.mp3; sourceTree = "<group>"; };
		36D256751B318C0C0086F4E1 /* main theme 5.mp3 */ = {isa = PBXFileReference; lastKnownFileType = audio.mp3; path = "main theme 5.mp3"; sourceTree = "<group>"; };
		36D256761B318C0C0086F4E1 /* Opening 4.mp3 */ = {isa = PBXFileReference; lastKnownFileType = audio.mp3; path = "Opening 4.mp3"; sourceTree = "<group>"; };
		36D256781B318C0C0086F4E1 /* Bell.wav */ = {isa = PBXFileReference; lastKnownFileType = audio.wav; path = Bell.wav; sourceTree = "<group>"; };
		36D256791B318C0C0086F4E1 /* Bite.wav */ = {isa = PBXFileReference; lastKnownFileType = audio.wav; path = Bite.wav; sourceTree = "<group>"; };
		36D2567A1B318C0C0086F4E1 /* Decision2.wav */ = {isa = PBXFileReference; lastKnownFileType = audio.wav; path = Decision2.wav; sourceTree = "<group>"; };
		36D2567B1B318C0C0086F4E1 /* Escape.wav */ = {isa = PBXFileReference; lastKnownFileType = audio.wav; path = Escape.wav; sourceTree = "<group>"; };
		36D2567C1B318C0C0086F4E1 /* Evade1.wav */ = {isa = PBXFileReference; lastKnownFileType = audio.wav; path = Evade1.wav; sourceTree = "<group>"; };
		36D2567D1B318C0C0086F4E1 /* Evade2.wav */ = {isa = PBXFileReference; lastKnownFileType = audio.wav; path = Evade2.wav; sourceTree = "<group>"; };
		36D2567E1B318C0C0086F4E1 /* Slash8.wav */ = {isa = PBXFileReference; lastKnownFileType = audio.wav; path = Slash8.wav; sourceTree = "<group>"; };
		36D2567F1B318C0C0086F4E1 /* Sword3.wav */ = {isa = PBXFileReference; lastKnownFileType = audio.wav; path = Sword3.wav; sourceTree = "<group>"; };
		36D256801B318C0C0086F4E1 /* Wind7.wav */ = {isa = PBXFileReference; lastKnownFileType = audio.wav; path = Wind7.wav; sourceTree = "<group>"; };
		36D62BE21B126705006060A4 /* GameOver.swift */ = {isa = PBXFileReference; fileEncoding = 4; lastKnownFileType = sourcecode.swift; path = GameOver.swift; sourceTree = "<group>"; };
		36D62BE41B126AC3006060A4 /* Extensions.swift */ = {isa = PBXFileReference; fileEncoding = 4; lastKnownFileType = sourcecode.swift; path = Extensions.swift; sourceTree = "<group>"; };
		36FE3A571B26A09000AF6F0B /* CombatScene.swift */ = {isa = PBXFileReference; fileEncoding = 4; lastKnownFileType = sourcecode.swift; path = CombatScene.swift; sourceTree = "<group>"; };
/* End PBXFileReference section */

/* Begin PBXFrameworksBuildPhase section */
		3655CF591B0F6563000BA0F1 /* Frameworks */ = {
			isa = PBXFrameworksBuildPhase;
			buildActionMask = 2147483647;
			files = (
				3649EFD71B1291F4003620C2 /* libz.dylib in Frameworks */,
			);
			runOnlyForDeploymentPostprocessing = 0;
		};
		3655CF721B0F6563000BA0F1 /* Frameworks */ = {
			isa = PBXFrameworksBuildPhase;
			buildActionMask = 2147483647;
			files = (
			);
			runOnlyForDeploymentPostprocessing = 0;
		};
/* End PBXFrameworksBuildPhase section */

/* Begin PBXGroup section */
		362AC0BB1B14E0FC002B9690 /* Sprites */ = {
			isa = PBXGroup;
			children = (
				362AC0BC1B14E0FC002B9690 /* player_movement.atlasc */,
				362AC0BF1B14E0FC002B9690 /* player_movement.swift */,
			);
			path = Sprites;
			sourceTree = "<group>";
		};
		362AC0BC1B14E0FC002B9690 /* player_movement.atlasc */ = {
			isa = PBXGroup;
			children = (
				362AC0BD1B14E0FC002B9690 /* player_movement.1.png */,
				362AC0BE1B14E0FC002B9690 /* player_movement.plist */,
			);
			path = player_movement.atlasc;
			sourceTree = "<group>";
		};
		364312581B1F7AC30072105C /* Pathfinding */ = {
			isa = PBXGroup;
			children = (
				364312591B1F7AFB0072105C /* Pathfinding.swift */,
			);
			name = Pathfinding;
			sourceTree = "<group>";
		};
		3649EFD81B12925A003620C2 /* Maps */ = {
			isa = PBXGroup;
			children = (
				3643125C1B1F87F00072105C /* build_atlas.png */,
				3643125D1B1F87F00072105C /* meta_tiles.png */,
				3643125E1B1F87F00072105C /* obj_misk_atlas.png */,
				3643125F1B1F87F00072105C /* terrain_atlas.png */,
				36871EB21B1670EA000DCC18 /* town.tmx */,
			);
			name = Maps;
			sourceTree = "<group>";
		};
		365100F21B16251A00A165E3 /* Models */ = {
			isa = PBXGroup;
			children = (
				3608767B1B124CBD001529F9 /* Game.swift */,
				365100F01B16250B00A165E3 /* Player.swift */,
				365100F51B1625F300A165E3 /* Monsters.swift */,
				36D08EEF1B28CA0000EAB550 /* Zone.swift */,
				36D08EF31B2A22FB00EAB550 /* Attacks.swift */,
			);
			name = Models;
			sourceTree = "<group>";
		};
		365100F31B16252B00A165E3 /* Scenes */ = {
			isa = PBXGroup;
			children = (
				36CF08E61B20E1A300E0BA09 /* MapScene.swift */,
				3655CF631B0F6563000BA0F1 /* GameScene.sks */,
				3655CF651B0F6563000BA0F1 /* GameScene.swift */,
				36D62BE21B126705006060A4 /* GameOver.swift */,
				36FE3A571B26A09000AF6F0B /* CombatScene.swift */,
			);
			name = Scenes;
			sourceTree = "<group>";
		};
		365100F41B16253B00A165E3 /* Libs */ = {
			isa = PBXGroup;
			children = (
				36D62BE41B126AC3006060A4 /* Extensions.swift */,
				361E803D1B31FDF10071AB50 /* GGButton.swift */,
			);
			name = Libs;
			sourceTree = "<group>";
		};
		3655CF531B0F6563000BA0F1 = {
			isa = PBXGroup;
			children = (
				3649EFD61B1291F4003620C2 /* libz.dylib */,
				3655CF5E1B0F6563000BA0F1 /* Sanctuary */,
				3655CF781B0F6563000BA0F1 /* SanctuaryTests */,
				3655CF5D1B0F6563000BA0F1 /* Products */,
			);
			sourceTree = "<group>";
		};
		3655CF5D1B0F6563000BA0F1 /* Products */ = {
			isa = PBXGroup;
			children = (
				3655CF5C1B0F6563000BA0F1 /* Sanctuary.app */,
				3655CF751B0F6563000BA0F1 /* SanctuaryTests.xctest */,
			);
			name = Products;
			sourceTree = "<group>";
		};
		3655CF5E1B0F6563000BA0F1 /* Sanctuary */ = {
			isa = PBXGroup;
			children = (
				36D255901B318C0C0086F4E1 /* Resources */,
				364312581B1F7AC30072105C /* Pathfinding */,
				36871E9E1B166FFB000DCC18 /* APIs */,
				365100F41B16253B00A165E3 /* Libs */,
				365100F31B16252B00A165E3 /* Scenes */,
				365100F21B16251A00A165E3 /* Models */,
				362AC0BB1B14E0FC002B9690 /* Sprites */,
				3649EFD81B12925A003620C2 /* Maps */,
				3655CF611B0F6563000BA0F1 /* AppDelegate.swift */,
				3655CF671B0F6563000BA0F1 /* GameViewController.swift */,
				3655CF691B0F6563000BA0F1 /* Main.storyboard */,
				3655CF6C1B0F6563000BA0F1 /* Images.xcassets */,
				3655CF6E1B0F6563000BA0F1 /* LaunchScreen.xib */,
				3655CF5F1B0F6563000BA0F1 /* Supporting Files */,
				3649EFDD1B129784003620C2 /* Sanctuary-Bridging-Header.h */,
			);
			path = Sanctuary;
			sourceTree = "<group>";
		};
		3655CF5F1B0F6563000BA0F1 /* Supporting Files */ = {
			isa = PBXGroup;
			children = (
				3655CF601B0F6563000BA0F1 /* Info.plist */,
			);
			name = "Supporting Files";
			sourceTree = "<group>";
		};
		3655CF781B0F6563000BA0F1 /* SanctuaryTests */ = {
			isa = PBXGroup;
			children = (
				3655CF7B1B0F6563000BA0F1 /* SanctuaryTests.swift */,
				3655CF791B0F6563000BA0F1 /* Supporting Files */,
			);
			path = SanctuaryTests;
			sourceTree = "<group>";
		};
		3655CF791B0F6563000BA0F1 /* Supporting Files */ = {
			isa = PBXGroup;
			children = (
				3655CF7A1B0F6563000BA0F1 /* Info.plist */,
			);
			name = "Supporting Files";
			sourceTree = "<group>";
		};
		36871E9E1B166FFB000DCC18 /* APIs */ = {
			isa = PBXGroup;
			children = (
				36871E9F1B16700E000DCC18 /* JSTileMap.h */,
				36871EA01B16700E000DCC18 /* JSTileMap.m */,
				36871EA11B16700E000DCC18 /* LFCGzipUtility.h */,
				36871EA21B16700E000DCC18 /* LFCGzipUtility.m */,
			);
			name = APIs;
			sourceTree = "<group>";
		};
		36D255901B318C0C0086F4E1 /* Resources */ = {
			isa = PBXGroup;
			children = (
				36D256701B318C0C0086F4E1 /* Music */,
				36D256771B318C0C0086F4E1 /* Sounds */,
			);
			path = Resources;
			sourceTree = "<group>";
		};
		36D256701B318C0C0086F4E1 /* Music */ = {
			isa = PBXGroup;
			children = (
				36D256711B318C0C0086F4E1 /* 002-Battle02.mp3 */,
				36D256721B318C0C0086F4E1 /* Battle 2.mp3 */,
				36D256731B318C0C0086F4E1 /* boss battle 1.mp3 */,
				36D256741B318C0C0086F4E1 /* Forest.mp3 */,
				36D256751B318C0C0086F4E1 /* main theme 5.mp3 */,
				36D256761B318C0C0086F4E1 /* Opening 4.mp3 */,
			);
			path = Music;
			sourceTree = "<group>";
		};
		36D256771B318C0C0086F4E1 /* Sounds */ = {
			isa = PBXGroup;
			children = (
				36D256781B318C0C0086F4E1 /* Bell.wav */,
				36D256791B318C0C0086F4E1 /* Bite.wav */,
				36D2567A1B318C0C0086F4E1 /* Decision2.wav */,
				36D2567B1B318C0C0086F4E1 /* Escape.wav */,
				36D2567C1B318C0C0086F4E1 /* Evade1.wav */,
				36D2567D1B318C0C0086F4E1 /* Evade2.wav */,
				36D2567E1B318C0C0086F4E1 /* Slash8.wav */,
				36D2567F1B318C0C0086F4E1 /* Sword3.wav */,
				36D256801B318C0C0086F4E1 /* Wind7.wav */,
			);
			path = Sounds;
			sourceTree = "<group>";
		};
/* End PBXGroup section */

/* Begin PBXNativeTarget section */
		3655CF5B1B0F6563000BA0F1 /* Sanctuary */ = {
			isa = PBXNativeTarget;
			buildConfigurationList = 3655CF7F1B0F6563000BA0F1 /* Build configuration list for PBXNativeTarget "Sanctuary" */;
			buildPhases = (
				3655CF581B0F6563000BA0F1 /* Sources */,
				3655CF591B0F6563000BA0F1 /* Frameworks */,
				3655CF5A1B0F6563000BA0F1 /* Resources */,
			);
			buildRules = (
			);
			dependencies = (
			);
			name = Sanctuary;
			productName = Sanctuary;
			productReference = 3655CF5C1B0F6563000BA0F1 /* Sanctuary.app */;
			productType = "com.apple.product-type.application";
		};
		3655CF741B0F6563000BA0F1 /* SanctuaryTests */ = {
			isa = PBXNativeTarget;
			buildConfigurationList = 3655CF821B0F6563000BA0F1 /* Build configuration list for PBXNativeTarget "SanctuaryTests" */;
			buildPhases = (
				3655CF711B0F6563000BA0F1 /* Sources */,
				3655CF721B0F6563000BA0F1 /* Frameworks */,
				3655CF731B0F6563000BA0F1 /* Resources */,
			);
			buildRules = (
			);
			dependencies = (
				3655CF771B0F6563000BA0F1 /* PBXTargetDependency */,
			);
			name = SanctuaryTests;
			productName = SanctuaryTests;
			productReference = 3655CF751B0F6563000BA0F1 /* SanctuaryTests.xctest */;
			productType = "com.apple.product-type.bundle.unit-test";
		};
/* End PBXNativeTarget section */

/* Begin PBXProject section */
		3655CF541B0F6563000BA0F1 /* Project object */ = {
			isa = PBXProject;
			attributes = {
				LastSwiftMigration = 0710;
				LastSwiftUpdateCheck = 0710;
				LastUpgradeCheck = 0630;
				ORGANIZATIONNAME = bertoche;
				TargetAttributes = {
					3655CF5B1B0F6563000BA0F1 = {
						CreatedOnToolsVersion = 6.3.2;
					};
					3655CF741B0F6563000BA0F1 = {
						CreatedOnToolsVersion = 6.3.2;
						TestTargetID = 3655CF5B1B0F6563000BA0F1;
					};
				};
			};
			buildConfigurationList = 3655CF571B0F6563000BA0F1 /* Build configuration list for PBXProject "Sanctuary" */;
			compatibilityVersion = "Xcode 3.2";
			developmentRegion = English;
			hasScannedForEncodings = 0;
			knownRegions = (
				en,
				Base,
			);
			mainGroup = 3655CF531B0F6563000BA0F1;
			productRefGroup = 3655CF5D1B0F6563000BA0F1 /* Products */;
			projectDirPath = "";
			projectRoot = "";
			targets = (
				3655CF5B1B0F6563000BA0F1 /* Sanctuary */,
				3655CF741B0F6563000BA0F1 /* SanctuaryTests */,
			);
		};
/* End PBXProject section */

/* Begin PBXResourcesBuildPhase section */
		3655CF5A1B0F6563000BA0F1 /* Resources */ = {
			isa = PBXResourcesBuildPhase;
			buildActionMask = 2147483647;
			files = (
				36D2575A1B318C0C0086F4E1 /* main theme 5.mp3 in Resources */,
				362AC0C01B14E0FC002B9690 /* player_movement.1.png in Resources */,
				36D257591B318C0C0086F4E1 /* Forest.mp3 in Resources */,
				36D257631B318C0C0086F4E1 /* Sword3.wav in Resources */,
				36D257621B318C0C0086F4E1 /* Slash8.wav in Resources */,
				36D257561B318C0C0086F4E1 /* 002-Battle02.mp3 in Resources */,
				36D2575B1B318C0C0086F4E1 /* Opening 4.mp3 in Resources */,
				36D257581B318C0C0086F4E1 /* boss battle 1.mp3 in Resources */,
				36D257571B318C0C0086F4E1 /* Battle 2.mp3 in Resources */,
				36871EB31B1670EA000DCC18 /* town.tmx in Resources */,
				3655CF701B0F6563000BA0F1 /* LaunchScreen.xib in Resources */,
				364312631B1F87F00072105C /* obj_misk_atlas.png in Resources */,
				3655CF6D1B0F6563000BA0F1 /* Images.xcassets in Resources */,
				36D257611B318C0C0086F4E1 /* Evade2.wav in Resources */,
				36D257601B318C0C0086F4E1 /* Evade1.wav in Resources */,
				36D2575D1B318C0C0086F4E1 /* Bite.wav in Resources */,
				364312641B1F87F00072105C /* terrain_atlas.png in Resources */,
				36D2575F1B318C0C0086F4E1 /* Escape.wav in Resources */,
				362AC0C11B14E0FC002B9690 /* player_movement.plist in Resources */,
				364312621B1F87F00072105C /* meta_tiles.png in Resources */,
				3655CF641B0F6563000BA0F1 /* GameScene.sks in Resources */,
				364312611B1F87F00072105C /* build_atlas.png in Resources */,
				36D2575C1B318C0C0086F4E1 /* Bell.wav in Resources */,
				36D257641B318C0C0086F4E1 /* Wind7.wav in Resources */,
				3655CF6B1B0F6563000BA0F1 /* Main.storyboard in Resources */,
				36D2575E1B318C0C0086F4E1 /* Decision2.wav in Resources */,
			);
			runOnlyForDeploymentPostprocessing = 0;
		};
		3655CF731B0F6563000BA0F1 /* Resources */ = {
			isa = PBXResourcesBuildPhase;
			buildActionMask = 2147483647;
			files = (
			);
			runOnlyForDeploymentPostprocessing = 0;
		};
/* End PBXResourcesBuildPhase section */

/* Begin PBXSourcesBuildPhase section */
		3655CF581B0F6563000BA0F1 /* Sources */ = {
			isa = PBXSourcesBuildPhase;
			buildActionMask = 2147483647;
			files = (
				3643125A1B1F7AFB0072105C /* Pathfinding.swift in Sources */,
				36D08EF01B28CA0000EAB550 /* Zone.swift in Sources */,
				365100F11B16250B00A165E3 /* Player.swift in Sources */,
				3655CF661B0F6563000BA0F1 /* GameScene.swift in Sources */,
				3608767C1B124CBD001529F9 /* Game.swift in Sources */,
				3655CF681B0F6563000BA0F1 /* GameViewController.swift in Sources */,
				36D62BE31B126706006060A4 /* GameOver.swift in Sources */,
				3655CF621B0F6563000BA0F1 /* AppDelegate.swift in Sources */,
				365100F61B1625F300A165E3 /* Monsters.swift in Sources */,
				362AC0C21B14E0FC002B9690 /* player_movement.swift in Sources */,
				36871EA31B16700E000DCC18 /* JSTileMap.m in Sources */,
				36D08EF41B2A22FB00EAB550 /* Attacks.swift in Sources */,
				36871EA41B16700E000DCC18 /* LFCGzipUtility.m in Sources */,
				361E803E1B31FDF20071AB50 /* GGButton.swift in Sources */,
				36D62BE51B126AC3006060A4 /* Extensions.swift in Sources */,
				36FE3A581B26A09000AF6F0B /* CombatScene.swift in Sources */,
				36CF08E71B20E1A300E0BA09 /* MapScene.swift in Sources */,
			);
			runOnlyForDeploymentPostprocessing = 0;
		};
		3655CF711B0F6563000BA0F1 /* Sources */ = {
			isa = PBXSourcesBuildPhase;
			buildActionMask = 2147483647;
			files = (
				3655CF7C1B0F6563000BA0F1 /* SanctuaryTests.swift in Sources */,
			);
			runOnlyForDeploymentPostprocessing = 0;
		};
/* End PBXSourcesBuildPhase section */

/* Begin PBXTargetDependency section */
		3655CF771B0F6563000BA0F1 /* PBXTargetDependency */ = {
			isa = PBXTargetDependency;
			target = 3655CF5B1B0F6563000BA0F1 /* Sanctuary */;
			targetProxy = 3655CF761B0F6563000BA0F1 /* PBXContainerItemProxy */;
		};
/* End PBXTargetDependency section */

/* Begin PBXVariantGroup section */
		3655CF691B0F6563000BA0F1 /* Main.storyboard */ = {
			isa = PBXVariantGroup;
			children = (
				3655CF6A1B0F6563000BA0F1 /* Base */,
			);
			name = Main.storyboard;
			sourceTree = "<group>";
		};
		3655CF6E1B0F6563000BA0F1 /* LaunchScreen.xib */ = {
			isa = PBXVariantGroup;
			children = (
				3655CF6F1B0F6563000BA0F1 /* Base */,
			);
			name = LaunchScreen.xib;
			sourceTree = "<group>";
		};
/* End PBXVariantGroup section */

/* Begin XCBuildConfiguration section */
		3655CF7D1B0F6563000BA0F1 /* Debug */ = {
			isa = XCBuildConfiguration;
			buildSettings = {
				ALWAYS_SEARCH_USER_PATHS = NO;
				CLANG_CXX_LANGUAGE_STANDARD = "gnu++0x";
				CLANG_CXX_LIBRARY = "libc++";
				CLANG_ENABLE_MODULES = YES;
				CLANG_ENABLE_OBJC_ARC = YES;
				CLANG_WARN_BOOL_CONVERSION = YES;
				CLANG_WARN_CONSTANT_CONVERSION = YES;
				CLANG_WARN_DIRECT_OBJC_ISA_USAGE = YES_ERROR;
				CLANG_WARN_EMPTY_BODY = YES;
				CLANG_WARN_ENUM_CONVERSION = YES;
				CLANG_WARN_INT_CONVERSION = YES;
				CLANG_WARN_OBJC_ROOT_CLASS = YES_ERROR;
				CLANG_WARN_UNREACHABLE_CODE = YES;
				CLANG_WARN__DUPLICATE_METHOD_MATCH = YES;
				"CODE_SIGN_IDENTITY[sdk=iphoneos*]" = "iPhone Developer";
				COPY_PHASE_STRIP = NO;
				DEBUG_INFORMATION_FORMAT = "dwarf-with-dsym";
				ENABLE_STRICT_OBJC_MSGSEND = YES;
				GCC_C_LANGUAGE_STANDARD = gnu99;
				GCC_DYNAMIC_NO_PIC = NO;
				GCC_NO_COMMON_BLOCKS = YES;
				GCC_OPTIMIZATION_LEVEL = 0;
				GCC_PREPROCESSOR_DEFINITIONS = (
					"DEBUG=1",
					"$(inherited)",
				);
				GCC_SYMBOLS_PRIVATE_EXTERN = NO;
				GCC_WARN_64_TO_32_BIT_CONVERSION = YES;
				GCC_WARN_ABOUT_RETURN_TYPE = YES_ERROR;
				GCC_WARN_UNDECLARED_SELECTOR = YES;
				GCC_WARN_UNINITIALIZED_AUTOS = YES_AGGRESSIVE;
				GCC_WARN_UNUSED_FUNCTION = YES;
				GCC_WARN_UNUSED_VARIABLE = YES;
				IPHONEOS_DEPLOYMENT_TARGET = 8.3;
				MTL_ENABLE_DEBUG_INFO = YES;
				ONLY_ACTIVE_ARCH = YES;
				SDKROOT = iphoneos;
				SWIFT_OPTIMIZATION_LEVEL = "-Onone";
				TARGETED_DEVICE_FAMILY = "1,2";
			};
			name = Debug;
		};
		3655CF7E1B0F6563000BA0F1 /* Release */ = {
			isa = XCBuildConfiguration;
			buildSettings = {
				ALWAYS_SEARCH_USER_PATHS = NO;
				CLANG_CXX_LANGUAGE_STANDARD = "gnu++0x";
				CLANG_CXX_LIBRARY = "libc++";
				CLANG_ENABLE_MODULES = YES;
				CLANG_ENABLE_OBJC_ARC = YES;
				CLANG_WARN_BOOL_CONVERSION = YES;
				CLANG_WARN_CONSTANT_CONVERSION = YES;
				CLANG_WARN_DIRECT_OBJC_ISA_USAGE = YES_ERROR;
				CLANG_WARN_EMPTY_BODY = YES;
				CLANG_WARN_ENUM_CONVERSION = YES;
				CLANG_WARN_INT_CONVERSION = YES;
				CLANG_WARN_OBJC_ROOT_CLASS = YES_ERROR;
				CLANG_WARN_UNREACHABLE_CODE = YES;
				CLANG_WARN__DUPLICATE_METHOD_MATCH = YES;
				"CODE_SIGN_IDENTITY[sdk=iphoneos*]" = "iPhone Developer";
				COPY_PHASE_STRIP = NO;
				DEBUG_INFORMATION_FORMAT = "dwarf-with-dsym";
				ENABLE_NS_ASSERTIONS = NO;
				ENABLE_STRICT_OBJC_MSGSEND = YES;
				GCC_C_LANGUAGE_STANDARD = gnu99;
				GCC_NO_COMMON_BLOCKS = YES;
				GCC_WARN_64_TO_32_BIT_CONVERSION = YES;
				GCC_WARN_ABOUT_RETURN_TYPE = YES_ERROR;
				GCC_WARN_UNDECLARED_SELECTOR = YES;
				GCC_WARN_UNINITIALIZED_AUTOS = YES_AGGRESSIVE;
				GCC_WARN_UNUSED_FUNCTION = YES;
				GCC_WARN_UNUSED_VARIABLE = YES;
				IPHONEOS_DEPLOYMENT_TARGET = 8.3;
				MTL_ENABLE_DEBUG_INFO = NO;
				SDKROOT = iphoneos;
				TARGETED_DEVICE_FAMILY = "1,2";
				VALIDATE_PRODUCT = YES;
			};
			name = Release;
		};
		3655CF801B0F6563000BA0F1 /* Debug */ = {
			isa = XCBuildConfiguration;
			buildSettings = {
				ASSETCATALOG_COMPILER_APPICON_NAME = AppIcon;
				INFOPLIST_FILE = Sanctuary/Info.plist;
				LD_RUNPATH_SEARCH_PATHS = "$(inherited) @executable_path/Frameworks";
				PRODUCT_NAME = "$(TARGET_NAME)";
				SWIFT_OBJC_BRIDGING_HEADER = "Sanctuary/Sanctuary-Bridging-Header.h";
				TARGETED_DEVICE_FAMILY = 1;
			};
			name = Debug;
		};
		3655CF811B0F6563000BA0F1 /* Release */ = {
			isa = XCBuildConfiguration;
			buildSettings = {
				ASSETCATALOG_COMPILER_APPICON_NAME = AppIcon;
				INFOPLIST_FILE = Sanctuary/Info.plist;
				LD_RUNPATH_SEARCH_PATHS = "$(inherited) @executable_path/Frameworks";
				PRODUCT_NAME = "$(TARGET_NAME)";
				SWIFT_OBJC_BRIDGING_HEADER = "Sanctuary/Sanctuary-Bridging-Header.h";
				TARGETED_DEVICE_FAMILY = 1;
			};
			name = Release;
		};
		3655CF831B0F6563000BA0F1 /* Debug */ = {
			isa = XCBuildConfiguration;
			buildSettings = {
				BUNDLE_LOADER = "$(TEST_HOST)";
				FRAMEWORK_SEARCH_PATHS = (
					"$(SDKROOT)/Developer/Library/Frameworks",
					"$(inherited)",
				);
				GCC_PREPROCESSOR_DEFINITIONS = (
					"DEBUG=1",
					"$(inherited)",
				);
				INFOPLIST_FILE = SanctuaryTests/Info.plist;
				LD_RUNPATH_SEARCH_PATHS = "$(inherited) @executable_path/Frameworks @loader_path/Frameworks";
				PRODUCT_NAME = "$(TARGET_NAME)";
				TEST_HOST = "$(BUILT_PRODUCTS_DIR)/Sanctuary.app/Sanctuary";
			};
			name = Debug;
		};
		3655CF841B0F6563000BA0F1 /* Release */ = {
			isa = XCBuildConfiguration;
			buildSettings = {
				BUNDLE_LOADER = "$(TEST_HOST)";
				FRAMEWORK_SEARCH_PATHS = (
					"$(SDKROOT)/Developer/Library/Frameworks",
					"$(inherited)",
				);
				INFOPLIST_FILE = SanctuaryTests/Info.plist;
				LD_RUNPATH_SEARCH_PATHS = "$(inherited) @executable_path/Frameworks @loader_path/Frameworks";
				PRODUCT_NAME = "$(TARGET_NAME)";
				TEST_HOST = "$(BUILT_PRODUCTS_DIR)/Sanctuary.app/Sanctuary";
			};
			name = Release;
		};
/* End XCBuildConfiguration section */

/* Begin XCConfigurationList section */
		3655CF571B0F6563000BA0F1 /* Build configuration list for PBXProject "Sanctuary" */ = {
			isa = XCConfigurationList;
			buildConfigurations = (
				3655CF7D1B0F6563000BA0F1 /* Debug */,
				3655CF7E1B0F6563000BA0F1 /* Release */,
			);
			defaultConfigurationIsVisible = 0;
			defaultConfigurationName = Release;
		};
		3655CF7F1B0F6563000BA0F1 /* Build configuration list for PBXNativeTarget "Sanctuary" */ = {
			isa = XCConfigurationList;
			buildConfigurations = (
				3655CF801B0F6563000BA0F1 /* Debug */,
				3655CF811B0F6563000BA0F1 /* Release */,
			);
			defaultConfigurationIsVisible = 0;
			defaultConfigurationName = Release;
		};
		3655CF821B0F6563000BA0F1 /* Build configuration list for PBXNativeTarget "SanctuaryTests" */ = {
			isa = XCConfigurationList;
			buildConfigurations = (
				3655CF831B0F6563000BA0F1 /* Debug */,
				3655CF841B0F6563000BA0F1 /* Release */,
			);
			defaultConfigurationIsVisible = 0;
			defaultConfigurationName = Release;
		};
/* End XCConfigurationList section */
	};
	rootObject = 3655CF541B0F6563000BA0F1 /* Project object */;
}
